// !$*UTF8*$!
{
	archiveVersion = 1;
	classes = {
	};
	objectVersion = 46;
	objects = {

/* Begin PBXBuildFile section */
		6B2BD1D519FDF94800D15E64 /* AtomicTableViewCell.swift in Sources */ = {isa = PBXBuildFile; fileRef = 6B2BD1D419FDF94800D15E64 /* AtomicTableViewCell.swift */; };
		6B2BD1EC19FDFC2300D15E64 /* Artificial_24.png in Resources */ = {isa = PBXBuildFile; fileRef = 6B2BD1D719FDFC2300D15E64 /* Artificial_24.png */; };
		6B2BD1ED19FDFC2300D15E64 /* Artificial_30.png in Resources */ = {isa = PBXBuildFile; fileRef = 6B2BD1D819FDFC2300D15E64 /* Artificial_30.png */; };
		6B2BD1EE19FDFC2300D15E64 /* Artificial_37.png in Resources */ = {isa = PBXBuildFile; fileRef = 6B2BD1D919FDFC2300D15E64 /* Artificial_37.png */; };
		6B2BD1EF19FDFC2300D15E64 /* Artificial_256.png in Resources */ = {isa = PBXBuildFile; fileRef = 6B2BD1DA19FDFC2300D15E64 /* Artificial_256.png */; };
		6B2BD1F319FDFC2300D15E64 /* flipper_list_blue.png in Resources */ = {isa = PBXBuildFile; fileRef = 6B2BD1DF19FDFC2300D15E64 /* flipper_list_blue.png */; };
		6B2BD1F419FDFC2300D15E64 /* Gas_24.png in Resources */ = {isa = PBXBuildFile; fileRef = 6B2BD1E019FDFC2300D15E64 /* Gas_24.png */; };
		6B2BD1F519FDFC2300D15E64 /* Gas_30.png in Resources */ = {isa = PBXBuildFile; fileRef = 6B2BD1E119FDFC2300D15E64 /* Gas_30.png */; };
		6B2BD1F619FDFC2300D15E64 /* Gas_37.png in Resources */ = {isa = PBXBuildFile; fileRef = 6B2BD1E219FDFC2300D15E64 /* Gas_37.png */; };
		6B2BD1F719FDFC2300D15E64 /* Gas_256.png in Resources */ = {isa = PBXBuildFile; fileRef = 6B2BD1E319FDFC2300D15E64 /* Gas_256.png */; };
		6B2BD1F819FDFC2300D15E64 /* Liquid_24.png in Resources */ = {isa = PBXBuildFile; fileRef = 6B2BD1E419FDFC2300D15E64 /* Liquid_24.png */; };
		6B2BD1F919FDFC2300D15E64 /* Liquid_30.png in Resources */ = {isa = PBXBuildFile; fileRef = 6B2BD1E519FDFC2300D15E64 /* Liquid_30.png */; };
		6B2BD1FA19FDFC2300D15E64 /* Liquid_37.png in Resources */ = {isa = PBXBuildFile; fileRef = 6B2BD1E619FDFC2300D15E64 /* Liquid_37.png */; };
		6B2BD1FB19FDFC2300D15E64 /* Liquid_256.png in Resources */ = {isa = PBXBuildFile; fileRef = 6B2BD1E719FDFC2300D15E64 /* Liquid_256.png */; };
		6B2BD1FC19FDFC2300D15E64 /* Solid_24.png in Resources */ = {isa = PBXBuildFile; fileRef = 6B2BD1E819FDFC2300D15E64 /* Solid_24.png */; };
		6B2BD1FD19FDFC2300D15E64 /* Solid_30.png in Resources */ = {isa = PBXBuildFile; fileRef = 6B2BD1E919FDFC2300D15E64 /* Solid_30.png */; };
		6B2BD1FE19FDFC2300D15E64 /* Solid_37.png in Resources */ = {isa = PBXBuildFile; fileRef = 6B2BD1EA19FDFC2300D15E64 /* Solid_37.png */; };
		6B2BD1FF19FDFC2300D15E64 /* Solid_256.png in Resources */ = {isa = PBXBuildFile; fileRef = 6B2BD1EB19FDFC2300D15E64 /* Solid_256.png */; };
		6BDE21C519FF6504005B880E /* NumberAtomicDataSource.swift in Sources */ = {isa = PBXBuildFile; fileRef = 6BDE21C419FF6504005B880E /* NumberAtomicDataSource.swift */; };
		DBAD3C5B19FCF673008DF72E /* 1.png in Resources */ = {isa = PBXBuildFile; fileRef = DBAD3C5319FCF673008DF72E /* 1.png */; };
		DBAD3C5C19FCF673008DF72E /* 1@2x.png in Resources */ = {isa = PBXBuildFile; fileRef = DBAD3C5419FCF673008DF72E /* 1@2x.png */; };
		DBAD3C5D19FCF673008DF72E /* 2.png in Resources */ = {isa = PBXBuildFile; fileRef = DBAD3C5519FCF673008DF72E /* 2.png */; };
		DBAD3C5E19FCF673008DF72E /* 2@2x.png in Resources */ = {isa = PBXBuildFile; fileRef = DBAD3C5619FCF673008DF72E /* 2@2x.png */; };
		DBAD3C5F19FCF673008DF72E /* 3.png in Resources */ = {isa = PBXBuildFile; fileRef = DBAD3C5719FCF673008DF72E /* 3.png */; };
		DBAD3C6019FCF673008DF72E /* 3@2x.png in Resources */ = {isa = PBXBuildFile; fileRef = DBAD3C5819FCF673008DF72E /* 3@2x.png */; };
		DBAD3C6119FCF673008DF72E /* 4.png in Resources */ = {isa = PBXBuildFile; fileRef = DBAD3C5919FCF673008DF72E /* 4.png */; };
		DBAD3C6219FCF673008DF72E /* 4@2x.png in Resources */ = {isa = PBXBuildFile; fileRef = DBAD3C5A19FCF673008DF72E /* 4@2x.png */; };
		DBAD3C6619FCFF7B008DF72E /* NavgationController.swift in Sources */ = {isa = PBXBuildFile; fileRef = DBAD3C6519FCFF7B008DF72E /* NavgationController.swift */; };
		DBAD3C6819FD01FB008DF72E /* TabBarController.swift in Sources */ = {isa = PBXBuildFile; fileRef = DBAD3C6719FD01FB008DF72E /* TabBarController.swift */; };
		DBAD3C7019FD13B6008DF72E /* AtomicDataSource.swift in Sources */ = {isa = PBXBuildFile; fileRef = DBAD3C6F19FD13B6008DF72E /* AtomicDataSource.swift */; };
		DBAD3C7319FD16D9008DF72E /* AtomicElement.swift in Sources */ = {isa = PBXBuildFile; fileRef = DBAD3C7219FD16D9008DF72E /* AtomicElement.swift */; };
		DBAD3C7519FD1761008DF72E /* PeriodicElements.swift in Sources */ = {isa = PBXBuildFile; fileRef = DBAD3C7419FD1761008DF72E /* PeriodicElements.swift */; };
		DBAD3C7719FD19F4008DF72E /* Elements.plist in Resources */ = {isa = PBXBuildFile; fileRef = DBAD3C7619FD19F4008DF72E /* Elements.plist */; };
		DBAD3C7919FD3AEB008DF72E /* ElementsParsingTests.swift in Sources */ = {isa = PBXBuildFile; fileRef = DBAD3C7819FD3AEB008DF72E /* ElementsParsingTests.swift */; };
		DBAD3CAA19FD3FE1008DF72E /* PeriodicElements.swift in Sources */ = {isa = PBXBuildFile; fileRef = DBAD3C7419FD1761008DF72E /* PeriodicElements.swift */; };
		DBAD3CAB19FD406A008DF72E /* AtomicElement.swift in Sources */ = {isa = PBXBuildFile; fileRef = DBAD3C7219FD16D9008DF72E /* AtomicElement.swift */; };
		DBF8D53D19FCAA9D00000A2C /* AppDelegate.swift in Sources */ = {isa = PBXBuildFile; fileRef = DBF8D53C19FCAA9D00000A2C /* AppDelegate.swift */; };
		DBF8D54219FCAA9D00000A2C /* Main.storyboard in Resources */ = {isa = PBXBuildFile; fileRef = DBF8D54019FCAA9D00000A2C /* Main.storyboard */; };
		DBF8D54419FCAA9D00000A2C /* Images.xcassets in Resources */ = {isa = PBXBuildFile; fileRef = DBF8D54319FCAA9D00000A2C /* Images.xcassets */; };
		DBF8D54719FCAA9D00000A2C /* LaunchScreen.xib in Resources */ = {isa = PBXBuildFile; fileRef = DBF8D54519FCAA9D00000A2C /* LaunchScreen.xib */; };
/* End PBXBuildFile section */

/* Begin PBXContainerItemProxy section */
		DBF8D54D19FCAA9D00000A2C /* PBXContainerItemProxy */ = {
			isa = PBXContainerItemProxy;
			containerPortal = DBF8D52F19FCAA9D00000A2C /* Project object */;
			proxyType = 1;
			remoteGlobalIDString = DBF8D53619FCAA9D00000A2C;
			remoteInfo = AtomicElements;
		};
/* End PBXContainerItemProxy section */

/* Begin PBXFileReference section */
		6B2BD1D419FDF94800D15E64 /* AtomicTableViewCell.swift */ = {isa = PBXFileReference; fileEncoding = 4; lastKnownFileType = sourcecode.swift; path = AtomicTableViewCell.swift; sourceTree = "<group>"; };
		6B2BD1D719FDFC2300D15E64 /* Artificial_24.png */ = {isa = PBXFileReference; lastKnownFileType = image.png; name = Artificial_24.png; path = Images/Artificial_24.png; sourceTree = "<group>"; };
		6B2BD1D819FDFC2300D15E64 /* Artificial_30.png */ = {isa = PBXFileReference; lastKnownFileType = image.png; name = Artificial_30.png; path = Images/Artificial_30.png; sourceTree = "<group>"; };
		6B2BD1D919FDFC2300D15E64 /* Artificial_37.png */ = {isa = PBXFileReference; lastKnownFileType = image.png; name = Artificial_37.png; path = Images/Artificial_37.png; sourceTree = "<group>"; };
		6B2BD1DA19FDFC2300D15E64 /* Artificial_256.png */ = {isa = PBXFileReference; lastKnownFileType = image.png; name = Artificial_256.png; path = Images/Artificial_256.png; sourceTree = "<group>"; };
		6B2BD1DF19FDFC2300D15E64 /* flipper_list_blue.png */ = {isa = PBXFileReference; lastKnownFileType = image.png; name = flipper_list_blue.png; path = Images/flipper_list_blue.png; sourceTree = "<group>"; };
		6B2BD1E019FDFC2300D15E64 /* Gas_24.png */ = {isa = PBXFileReference; lastKnownFileType = image.png; name = Gas_24.png; path = Images/Gas_24.png; sourceTree = "<group>"; };
		6B2BD1E119FDFC2300D15E64 /* Gas_30.png */ = {isa = PBXFileReference; lastKnownFileType = image.png; name = Gas_30.png; path = Images/Gas_30.png; sourceTree = "<group>"; };
		6B2BD1E219FDFC2300D15E64 /* Gas_37.png */ = {isa = PBXFileReference; lastKnownFileType = image.png; name = Gas_37.png; path = Images/Gas_37.png; sourceTree = "<group>"; };
		6B2BD1E319FDFC2300D15E64 /* Gas_256.png */ = {isa = PBXFileReference; lastKnownFileType = image.png; name = Gas_256.png; path = Images/Gas_256.png; sourceTree = "<group>"; };
		6B2BD1E419FDFC2300D15E64 /* Liquid_24.png */ = {isa = PBXFileReference; lastKnownFileType = image.png; name = Liquid_24.png; path = Images/Liquid_24.png; sourceTree = "<group>"; };
		6B2BD1E519FDFC2300D15E64 /* Liquid_30.png */ = {isa = PBXFileReference; lastKnownFileType = image.png; name = Liquid_30.png; path = Images/Liquid_30.png; sourceTree = "<group>"; };
		6B2BD1E619FDFC2300D15E64 /* Liquid_37.png */ = {isa = PBXFileReference; lastKnownFileType = image.png; name = Liquid_37.png; path = Images/Liquid_37.png; sourceTree = "<group>"; };
		6B2BD1E719FDFC2300D15E64 /* Liquid_256.png */ = {isa = PBXFileReference; lastKnownFileType = image.png; name = Liquid_256.png; path = Images/Liquid_256.png; sourceTree = "<group>"; };
		6B2BD1E819FDFC2300D15E64 /* Solid_24.png */ = {isa = PBXFileReference; lastKnownFileType = image.png; name = Solid_24.png; path = Images/Solid_24.png; sourceTree = "<group>"; };
		6B2BD1E919FDFC2300D15E64 /* Solid_30.png */ = {isa = PBXFileReference; lastKnownFileType = image.png; name = Solid_30.png; path = Images/Solid_30.png; sourceTree = "<group>"; };
		6B2BD1EA19FDFC2300D15E64 /* Solid_37.png */ = {isa = PBXFileReference; lastKnownFileType = image.png; name = Solid_37.png; path = Images/Solid_37.png; sourceTree = "<group>"; };
		6B2BD1EB19FDFC2300D15E64 /* Solid_256.png */ = {isa = PBXFileReference; lastKnownFileType = image.png; name = Solid_256.png; path = Images/Solid_256.png; sourceTree = "<group>"; };
		6BDE21C419FF6504005B880E /* NumberAtomicDataSource.swift */ = {isa = PBXFileReference; fileEncoding = 4; lastKnownFileType = sourcecode.swift; path = NumberAtomicDataSource.swift; sourceTree = "<group>"; };
		DB6579EF19FEAD970080A8CF /* proj.playground */ = {isa = PBXFileReference; lastKnownFileType = file.playground; path = proj.playground; sourceTree = "<group>"; };
		DBAD3C5319FCF673008DF72E /* 1.png */ = {isa = PBXFileReference; lastKnownFileType = image.png; name = 1.png; path = Images/1.png; sourceTree = "<group>"; };
		DBAD3C5419FCF673008DF72E /* 1@2x.png */ = {isa = PBXFileReference; lastKnownFileType = image.png; name = "1@2x.png"; path = "Images/1@2x.png"; sourceTree = "<group>"; };
		DBAD3C5519FCF673008DF72E /* 2.png */ = {isa = PBXFileReference; lastKnownFileType = image.png; name = 2.png; path = Images/2.png; sourceTree = "<group>"; };
		DBAD3C5619FCF673008DF72E /* 2@2x.png */ = {isa = PBXFileReference; lastKnownFileType = image.png; name = "2@2x.png"; path = "Images/2@2x.png"; sourceTree = "<group>"; };
		DBAD3C5719FCF673008DF72E /* 3.png */ = {isa = PBXFileReference; lastKnownFileType = image.png; name = 3.png; path = Images/3.png; sourceTree = "<group>"; };
		DBAD3C5819FCF673008DF72E /* 3@2x.png */ = {isa = PBXFileReference; lastKnownFileType = image.png; name = "3@2x.png"; path = "Images/3@2x.png"; sourceTree = "<group>"; };
		DBAD3C5919FCF673008DF72E /* 4.png */ = {isa = PBXFileReference; lastKnownFileType = image.png; name = 4.png; path = Images/4.png; sourceTree = "<group>"; };
		DBAD3C5A19FCF673008DF72E /* 4@2x.png */ = {isa = PBXFileReference; lastKnownFileType = image.png; name = "4@2x.png"; path = "Images/4@2x.png"; sourceTree = "<group>"; };
		DBAD3C6519FCFF7B008DF72E /* NavgationController.swift */ = {isa = PBXFileReference; fileEncoding = 4; lastKnownFileType = sourcecode.swift; path = NavgationController.swift; sourceTree = "<group>"; };
		DBAD3C6719FD01FB008DF72E /* TabBarController.swift */ = {isa = PBXFileReference; fileEncoding = 4; lastKnownFileType = sourcecode.swift; path = TabBarController.swift; sourceTree = "<group>"; };
		DBAD3C6F19FD13B6008DF72E /* AtomicDataSource.swift */ = {isa = PBXFileReference; fileEncoding = 4; lastKnownFileType = sourcecode.swift; path = AtomicDataSource.swift; sourceTree = "<group>"; };
		DBAD3C7219FD16D9008DF72E /* AtomicElement.swift */ = {isa = PBXFileReference; fileEncoding = 4; lastKnownFileType = sourcecode.swift; path = AtomicElement.swift; sourceTree = "<group>"; };
		DBAD3C7419FD1761008DF72E /* PeriodicElements.swift */ = {isa = PBXFileReference; fileEncoding = 4; lastKnownFileType = sourcecode.swift; path = PeriodicElements.swift; sourceTree = "<group>"; };
		DBAD3C7619FD19F4008DF72E /* Elements.plist */ = {isa = PBXFileReference; fileEncoding = 4; lastKnownFileType = text.plist.xml; path = Elements.plist; sourceTree = "<group>"; };
		DBAD3C7819FD3AEB008DF72E /* ElementsParsingTests.swift */ = {isa = PBXFileReference; fileEncoding = 4; lastKnownFileType = sourcecode.swift; path = ElementsParsingTests.swift; sourceTree = "<group>"; };
		DBF8D53719FCAA9D00000A2C /* AtomicElements.app */ = {isa = PBXFileReference; explicitFileType = wrapper.application; includeInIndex = 0; path = AtomicElements.app; sourceTree = BUILT_PRODUCTS_DIR; };
		DBF8D53B19FCAA9D00000A2C /* Info.plist */ = {isa = PBXFileReference; lastKnownFileType = text.plist.xml; path = Info.plist; sourceTree = "<group>"; };
		DBF8D53C19FCAA9D00000A2C /* AppDelegate.swift */ = {isa = PBXFileReference; lastKnownFileType = sourcecode.swift; path = AppDelegate.swift; sourceTree = "<group>"; };
		DBF8D54119FCAA9D00000A2C /* Base */ = {isa = PBXFileReference; lastKnownFileType = file.storyboard; name = Base; path = Base.lproj/Main.storyboard; sourceTree = "<group>"; };
		DBF8D54319FCAA9D00000A2C /* Images.xcassets */ = {isa = PBXFileReference; lastKnownFileType = folder.assetcatalog; path = Images.xcassets; sourceTree = "<group>"; };
		DBF8D54619FCAA9D00000A2C /* Base */ = {isa = PBXFileReference; lastKnownFileType = file.xib; name = Base; path = Base.lproj/LaunchScreen.xib; sourceTree = "<group>"; };
		DBF8D54C19FCAA9D00000A2C /* AtomicElementsTests.xctest */ = {isa = PBXFileReference; explicitFileType = wrapper.cfbundle; includeInIndex = 0; path = AtomicElementsTests.xctest; sourceTree = BUILT_PRODUCTS_DIR; };
		DBF8D55119FCAA9D00000A2C /* Info.plist */ = {isa = PBXFileReference; lastKnownFileType = text.plist.xml; path = Info.plist; sourceTree = "<group>"; };
/* End PBXFileReference section */

/* Begin PBXFrameworksBuildPhase section */
		DBF8D53419FCAA9D00000A2C /* Frameworks */ = {
			isa = PBXFrameworksBuildPhase;
			buildActionMask = 2147483647;
			files = (
			);
			runOnlyForDeploymentPostprocessing = 0;
		};
		DBF8D54919FCAA9D00000A2C /* Frameworks */ = {
			isa = PBXFrameworksBuildPhase;
			buildActionMask = 2147483647;
			files = (
			);
			runOnlyForDeploymentPostprocessing = 0;
		};
/* End PBXFrameworksBuildPhase section */

/* Begin PBXGroup section */
		6B2BD1D319FDF92500D15E64 /* data */ = {
			isa = PBXGroup;
			children = (
				DBAD3C6F19FD13B6008DF72E /* AtomicDataSource.swift */,
				6BDE21C419FF6504005B880E /* NumberAtomicDataSource.swift */,
			);
			name = data;
			sourceTree = "<group>";
		};
		DBAD3C1819FCEBD1008DF72E /* Images */ = {
			isa = PBXGroup;
			children = (
				6B2BD1D719FDFC2300D15E64 /* Artificial_24.png */,
				6B2BD1D819FDFC2300D15E64 /* Artificial_30.png */,
				6B2BD1D919FDFC2300D15E64 /* Artificial_37.png */,
				6B2BD1DA19FDFC2300D15E64 /* Artificial_256.png */,
				6B2BD1DF19FDFC2300D15E64 /* flipper_list_blue.png */,
				6B2BD1E019FDFC2300D15E64 /* Gas_24.png */,
				6B2BD1E119FDFC2300D15E64 /* Gas_30.png */,
				6B2BD1E219FDFC2300D15E64 /* Gas_37.png */,
				6B2BD1E319FDFC2300D15E64 /* Gas_256.png */,
				6B2BD1E419FDFC2300D15E64 /* Liquid_24.png */,
				6B2BD1E519FDFC2300D15E64 /* Liquid_30.png */,
				6B2BD1E619FDFC2300D15E64 /* Liquid_37.png */,
				6B2BD1E719FDFC2300D15E64 /* Liquid_256.png */,
				6B2BD1E819FDFC2300D15E64 /* Solid_24.png */,
				6B2BD1E919FDFC2300D15E64 /* Solid_30.png */,
				6B2BD1EA19FDFC2300D15E64 /* Solid_37.png */,
				6B2BD1EB19FDFC2300D15E64 /* Solid_256.png */,
				DBAD3C5319FCF673008DF72E /* 1.png */,
				DBAD3C5419FCF673008DF72E /* 1@2x.png */,
				DBAD3C5519FCF673008DF72E /* 2.png */,
				DBAD3C5619FCF673008DF72E /* 2@2x.png */,
				DBAD3C5719FCF673008DF72E /* 3.png */,
				DBAD3C5819FCF673008DF72E /* 3@2x.png */,
				DBAD3C5919FCF673008DF72E /* 4.png */,
				DBAD3C5A19FCF673008DF72E /* 4@2x.png */,
			);
			name = Images;
			sourceTree = "<group>";
		};
		DBAD3C6919FD0316008DF72E /* src */ = {
			isa = PBXGroup;
			children = (
				DBAD3C7119FD1684008DF72E /* model */,
				DBAD3C6E19FD137B008DF72E /* tableView */,
				DBF8D53C19FCAA9D00000A2C /* AppDelegate.swift */,
				DBAD3C6519FCFF7B008DF72E /* NavgationController.swift */,
				DBAD3C6719FD01FB008DF72E /* TabBarController.swift */,
			);
			name = src;
			sourceTree = "<group>";
		};
		DBAD3C6E19FD137B008DF72E /* tableView */ = {
			isa = PBXGroup;
			children = (
				6B2BD1D319FDF92500D15E64 /* data */,
				6B2BD1D419FDF94800D15E64 /* AtomicTableViewCell.swift */,
			);
			name = tableView;
			sourceTree = "<group>";
		};
		DBAD3C7119FD1684008DF72E /* model */ = {
			isa = PBXGroup;
			children = (
				DBAD3C7219FD16D9008DF72E /* AtomicElement.swift */,
				DBAD3C7419FD1761008DF72E /* PeriodicElements.swift */,
			);
			name = model;
			sourceTree = "<group>";
		};
		DBAD3C7A19FD3AF7008DF72E /* src */ = {
			isa = PBXGroup;
			children = (
				DBAD3C7819FD3AEB008DF72E /* ElementsParsingTests.swift */,
			);
			name = src;
			sourceTree = "<group>";
		};
		DBF8D52E19FCAA9D00000A2C = {
			isa = PBXGroup;
			children = (
				DBF8D53919FCAA9D00000A2C /* AtomicElements */,
				DBF8D54F19FCAA9D00000A2C /* AtomicElementsTests */,
				DBF8D53819FCAA9D00000A2C /* Products */,
			);
			sourceTree = "<group>";
		};
		DBF8D53819FCAA9D00000A2C /* Products */ = {
			isa = PBXGroup;
			children = (
				DBF8D53719FCAA9D00000A2C /* AtomicElements.app */,
				DBF8D54C19FCAA9D00000A2C /* AtomicElementsTests.xctest */,
			);
			name = Products;
			sourceTree = "<group>";
		};
		DBF8D53919FCAA9D00000A2C /* AtomicElements */ = {
			isa = PBXGroup;
			children = (
				DBAD3C6919FD0316008DF72E /* src */,
				DB6579EF19FEAD970080A8CF /* proj.playground */,
				DBF8D54519FCAA9D00000A2C /* LaunchScreen.xib */,
				DBF8D54019FCAA9D00000A2C /* Main.storyboard */,
				DBF8D54319FCAA9D00000A2C /* Images.xcassets */,
				DBAD3C1819FCEBD1008DF72E /* Images */,
				DBF8D53A19FCAA9D00000A2C /* Supporting Files */,
			);
			path = AtomicElements;
			sourceTree = "<group>";
		};
		DBF8D53A19FCAA9D00000A2C /* Supporting Files */ = {
			isa = PBXGroup;
			children = (
				DBAD3C7619FD19F4008DF72E /* Elements.plist */,
				DBF8D53B19FCAA9D00000A2C /* Info.plist */,
			);
			name = "Supporting Files";
			sourceTree = "<group>";
		};
		DBF8D54F19FCAA9D00000A2C /* AtomicElementsTests */ = {
			isa = PBXGroup;
			children = (
				DBAD3C7A19FD3AF7008DF72E /* src */,
				DBF8D55019FCAA9D00000A2C /* Supporting Files */,
			);
			path = AtomicElementsTests;
			sourceTree = "<group>";
		};
		DBF8D55019FCAA9D00000A2C /* Supporting Files */ = {
			isa = PBXGroup;
			children = (
				DBF8D55119FCAA9D00000A2C /* Info.plist */,
			);
			name = "Supporting Files";
			sourceTree = "<group>";
		};
/* End PBXGroup section */

/* Begin PBXNativeTarget section */
		DBF8D53619FCAA9D00000A2C /* AtomicElements */ = {
			isa = PBXNativeTarget;
			buildConfigurationList = DBF8D55619FCAA9D00000A2C /* Build configuration list for PBXNativeTarget "AtomicElements" */;
			buildPhases = (
				DBF8D53319FCAA9D00000A2C /* Sources */,
				DBF8D53419FCAA9D00000A2C /* Frameworks */,
				DBF8D53519FCAA9D00000A2C /* Resources */,
			);
			buildRules = (
			);
			dependencies = (
			);
			name = AtomicElements;
			productName = AtomicElements;
			productReference = DBF8D53719FCAA9D00000A2C /* AtomicElements.app */;
			productType = "com.apple.product-type.application";
		};
		DBF8D54B19FCAA9D00000A2C /* AtomicElementsTests */ = {
			isa = PBXNativeTarget;
			buildConfigurationList = DBF8D55919FCAA9D00000A2C /* Build configuration list for PBXNativeTarget "AtomicElementsTests" */;
			buildPhases = (
				DBF8D54819FCAA9D00000A2C /* Sources */,
				DBF8D54919FCAA9D00000A2C /* Frameworks */,
				DBF8D54A19FCAA9D00000A2C /* Resources */,
			);
			buildRules = (
			);
			dependencies = (
				DBF8D54E19FCAA9D00000A2C /* PBXTargetDependency */,
			);
			name = AtomicElementsTests;
			productName = AtomicElementsTests;
			productReference = DBF8D54C19FCAA9D00000A2C /* AtomicElementsTests.xctest */;
			productType = "com.apple.product-type.bundle.unit-test";
		};
/* End PBXNativeTarget section */

/* Begin PBXProject section */
		DBF8D52F19FCAA9D00000A2C /* Project object */ = {
			isa = PBXProject;
			attributes = {
				LastUpgradeCheck = 0610;
				ORGANIZATIONNAME = larryhou;
				TargetAttributes = {
					DBF8D53619FCAA9D00000A2C = {
						CreatedOnToolsVersion = 6.1;
					};
					DBF8D54B19FCAA9D00000A2C = {
						CreatedOnToolsVersion = 6.1;
						TestTargetID = DBF8D53619FCAA9D00000A2C;
					};
				};
			};
			buildConfigurationList = DBF8D53219FCAA9D00000A2C /* Build configuration list for PBXProject "AtomicElements" */;
			compatibilityVersion = "Xcode 3.2";
			developmentRegion = English;
			hasScannedForEncodings = 0;
			knownRegions = (
				en,
				Base,
			);
			mainGroup = DBF8D52E19FCAA9D00000A2C;
			productRefGroup = DBF8D53819FCAA9D00000A2C /* Products */;
			projectDirPath = "";
			projectRoot = "";
			targets = (
				DBF8D53619FCAA9D00000A2C /* AtomicElements */,
				DBF8D54B19FCAA9D00000A2C /* AtomicElementsTests */,
			);
		};
/* End PBXProject section */

/* Begin PBXResourcesBuildPhase section */
		DBF8D53519FCAA9D00000A2C /* Resources */ = {
			isa = PBXResourcesBuildPhase;
			buildActionMask = 2147483647;
			files = (
				6B2BD1F419FDFC2300D15E64 /* Gas_24.png in Resources */,
				6B2BD1F819FDFC2300D15E64 /* Liquid_24.png in Resources */,
				DBAD3C6019FCF673008DF72E /* 3@2x.png in Resources */,
				DBAD3C7719FD19F4008DF72E /* Elements.plist in Resources */,
				DBAD3C5D19FCF673008DF72E /* 2.png in Resources */,
				6B2BD1EC19FDFC2300D15E64 /* Artificial_24.png in Resources */,
				DBAD3C6219FCF673008DF72E /* 4@2x.png in Resources */,
				6B2BD1FA19FDFC2300D15E64 /* Liquid_37.png in Resources */,
				6B2BD1F919FDFC2300D15E64 /* Liquid_30.png in Resources */,
				DBF8D54219FCAA9D00000A2C /* Main.storyboard in Resources */,
				DBAD3C5E19FCF673008DF72E /* 2@2x.png in Resources */,
				DBAD3C5F19FCF673008DF72E /* 3.png in Resources */,
				6B2BD1F619FDFC2300D15E64 /* Gas_37.png in Resources */,
				6B2BD1F519FDFC2300D15E64 /* Gas_30.png in Resources */,
				6B2BD1F719FDFC2300D15E64 /* Gas_256.png in Resources */,
				6B2BD1FB19FDFC2300D15E64 /* Liquid_256.png in Resources */,
				6B2BD1ED19FDFC2300D15E64 /* Artificial_30.png in Resources */,
				6B2BD1EF19FDFC2300D15E64 /* Artificial_256.png in Resources */,
				DBAD3C5B19FCF673008DF72E /* 1.png in Resources */,
				DBAD3C5C19FCF673008DF72E /* 1@2x.png in Resources */,
				6B2BD1FD19FDFC2300D15E64 /* Solid_30.png in Resources */,
				6B2BD1FF19FDFC2300D15E64 /* Solid_256.png in Resources */,
				DBF8D54719FCAA9D00000A2C /* LaunchScreen.xib in Resources */,
				DBAD3C6119FCF673008DF72E /* 4.png in Resources */,
				6B2BD1F319FDFC2300D15E64 /* flipper_list_blue.png in Resources */,
				DBF8D54419FCAA9D00000A2C /* Images.xcassets in Resources */,
				6B2BD1FE19FDFC2300D15E64 /* Solid_37.png in Resources */,
				6B2BD1FC19FDFC2300D15E64 /* Solid_24.png in Resources */,
				6B2BD1EE19FDFC2300D15E64 /* Artificial_37.png in Resources */,
			);
			runOnlyForDeploymentPostprocessing = 0;
		};
		DBF8D54A19FCAA9D00000A2C /* Resources */ = {
			isa = PBXResourcesBuildPhase;
			buildActionMask = 2147483647;
			files = (
			);
			runOnlyForDeploymentPostprocessing = 0;
		};
/* End PBXResourcesBuildPhase section */

/* Begin PBXSourcesBuildPhase section */
		DBF8D53319FCAA9D00000A2C /* Sources */ = {
			isa = PBXSourcesBuildPhase;
			buildActionMask = 2147483647;
			files = (
				6BDE21C519FF6504005B880E /* NumberAtomicDataSource.swift in Sources */,
				DBAD3C6619FCFF7B008DF72E /* NavgationController.swift in Sources */,
				DBAD3C7319FD16D9008DF72E /* AtomicElement.swift in Sources */,
				DBAD3C7019FD13B6008DF72E /* AtomicDataSource.swift in Sources */,
				6B2BD1D519FDF94800D15E64 /* AtomicTableViewCell.swift in Sources */,
				DBAD3C6819FD01FB008DF72E /* TabBarController.swift in Sources */,
				DBF8D53D19FCAA9D00000A2C /* AppDelegate.swift in Sources */,
				DBAD3C7519FD1761008DF72E /* PeriodicElements.swift in Sources */,
			);
			runOnlyForDeploymentPostprocessing = 0;
		};
		DBF8D54819FCAA9D00000A2C /* Sources */ = {
			isa = PBXSourcesBuildPhase;
			buildActionMask = 2147483647;
			files = (
				DBAD3CAB19FD406A008DF72E /* AtomicElement.swift in Sources */,
				DBAD3CAA19FD3FE1008DF72E /* PeriodicElements.swift in Sources */,
				DBAD3C7919FD3AEB008DF72E /* ElementsParsingTests.swift in Sources */,
			);
			runOnlyForDeploymentPostprocessing = 0;
		};
/* End PBXSourcesBuildPhase section */

/* Begin PBXTargetDependency section */
		DBF8D54E19FCAA9D00000A2C /* PBXTargetDependency */ = {
			isa = PBXTargetDependency;
			target = DBF8D53619FCAA9D00000A2C /* AtomicElements */;
			targetProxy = DBF8D54D19FCAA9D00000A2C /* PBXContainerItemProxy */;
		};
/* End PBXTargetDependency section */

/* Begin PBXVariantGroup section */
		DBF8D54019FCAA9D00000A2C /* Main.storyboard */ = {
			isa = PBXVariantGroup;
			children = (
				DBF8D54119FCAA9D00000A2C /* Base */,
			);
			name = Main.storyboard;
			sourceTree = "<group>";
		};
		DBF8D54519FCAA9D00000A2C /* LaunchScreen.xib */ = {
			isa = PBXVariantGroup;
			children = (
				DBF8D54619FCAA9D00000A2C /* Base */,
			);
			name = LaunchScreen.xib;
			sourceTree = "<group>";
		};
/* End PBXVariantGroup section */

/* Begin XCBuildConfiguration section */
		DBF8D55419FCAA9D00000A2C /* Debug */ = {
			isa = XCBuildConfiguration;
			buildSettings = {
				ALWAYS_SEARCH_USER_PATHS = NO;
				CLANG_CXX_LANGUAGE_STANDARD = "gnu++0x";
				CLANG_CXX_LIBRARY = "libc++";
				CLANG_ENABLE_MODULES = YES;
				CLANG_ENABLE_OBJC_ARC = YES;
				CLANG_WARN_BOOL_CONVERSION = YES;
				CLANG_WARN_CONSTANT_CONVERSION = YES;
				CLANG_WARN_DIRECT_OBJC_ISA_USAGE = YES_ERROR;
				CLANG_WARN_EMPTY_BODY = YES;
				CLANG_WARN_ENUM_CONVERSION = YES;
				CLANG_WARN_INT_CONVERSION = YES;
				CLANG_WARN_OBJC_ROOT_CLASS = YES_ERROR;
				CLANG_WARN_UNREACHABLE_CODE = YES;
				CLANG_WARN__DUPLICATE_METHOD_MATCH = YES;
				"CODE_SIGN_IDENTITY[sdk=iphoneos*]" = "iPhone Developer";
				COPY_PHASE_STRIP = NO;
				ENABLE_STRICT_OBJC_MSGSEND = YES;
				GCC_C_LANGUAGE_STANDARD = gnu99;
				GCC_DYNAMIC_NO_PIC = NO;
				GCC_OPTIMIZATION_LEVEL = 0;
				GCC_PREPROCESSOR_DEFINITIONS = (
					"DEBUG=1",
					"$(inherited)",
				);
				GCC_SYMBOLS_PRIVATE_EXTERN = NO;
				GCC_WARN_64_TO_32_BIT_CONVERSION = YES;
				GCC_WARN_ABOUT_RETURN_TYPE = YES_ERROR;
				GCC_WARN_UNDECLARED_SELECTOR = YES;
				GCC_WARN_UNINITIALIZED_AUTOS = YES_AGGRESSIVE;
				GCC_WARN_UNUSED_FUNCTION = YES;
				GCC_WARN_UNUSED_VARIABLE = YES;
				IPHONEOS_DEPLOYMENT_TARGET = 8.1;
				MTL_ENABLE_DEBUG_INFO = YES;
				ONLY_ACTIVE_ARCH = YES;
				SDKROOT = iphoneos;
				SWIFT_OPTIMIZATION_LEVEL = "-Onone";
				TARGETED_DEVICE_FAMILY = "1,2";
			};
			name = Debug;
		};
		DBF8D55519FCAA9D00000A2C /* Release */ = {
			isa = XCBuildConfiguration;
			buildSettings = {
				ALWAYS_SEARCH_USER_PATHS = NO;
				CLANG_CXX_LANGUAGE_STANDARD = "gnu++0x";
				CLANG_CXX_LIBRARY = "libc++";
				CLANG_ENABLE_MODULES = YES;
				CLANG_ENABLE_OBJC_ARC = YES;
				CLANG_WARN_BOOL_CONVERSION = YES;
				CLANG_WARN_CONSTANT_CONVERSION = YES;
				CLANG_WARN_DIRECT_OBJC_ISA_USAGE = YES_ERROR;
				CLANG_WARN_EMPTY_BODY = YES;
				CLANG_WARN_ENUM_CONVERSION = YES;
				CLANG_WARN_INT_CONVERSION = YES;
				CLANG_WARN_OBJC_ROOT_CLASS = YES_ERROR;
				CLANG_WARN_UNREACHABLE_CODE = YES;
				CLANG_WARN__DUPLICATE_METHOD_MATCH = YES;
				"CODE_SIGN_IDENTITY[sdk=iphoneos*]" = "iPhone Developer";
				COPY_PHASE_STRIP = YES;
				ENABLE_NS_ASSERTIONS = NO;
				ENABLE_STRICT_OBJC_MSGSEND = YES;
				GCC_C_LANGUAGE_STANDARD = gnu99;
				GCC_WARN_64_TO_32_BIT_CONVERSION = YES;
				GCC_WARN_ABOUT_RETURN_TYPE = YES_ERROR;
				GCC_WARN_UNDECLARED_SELECTOR = YES;
				GCC_WARN_UNINITIALIZED_AUTOS = YES_AGGRESSIVE;
				GCC_WARN_UNUSED_FUNCTION = YES;
				GCC_WARN_UNUSED_VARIABLE = YES;
				IPHONEOS_DEPLOYMENT_TARGET = 8.1;
				MTL_ENABLE_DEBUG_INFO = NO;
				SDKROOT = iphoneos;
				TARGETED_DEVICE_FAMILY = "1,2";
				VALIDATE_PRODUCT = YES;
			};
			name = Release;
		};
		DBF8D55719FCAA9D00000A2C /* Debug */ = {
			isa = XCBuildConfiguration;
			buildSettings = {
				ASSETCATALOG_COMPILER_APPICON_NAME = AppIcon;
				INFOPLIST_FILE = AtomicElements/Info.plist;
				LD_RUNPATH_SEARCH_PATHS = "$(inherited) @executable_path/Frameworks";
				PRODUCT_NAME = "$(TARGET_NAME)";
			};
			name = Debug;
		};
		DBF8D55819FCAA9D00000A2C /* Release */ = {
			isa = XCBuildConfiguration;
			buildSettings = {
				ASSETCATALOG_COMPILER_APPICON_NAME = AppIcon;
				INFOPLIST_FILE = AtomicElements/Info.plist;
				LD_RUNPATH_SEARCH_PATHS = "$(inherited) @executable_path/Frameworks";
				PRODUCT_NAME = "$(TARGET_NAME)";
			};
			name = Release;
		};
		DBF8D55A19FCAA9D00000A2C /* Debug */ = {
			isa = XCBuildConfiguration;
			buildSettings = {
				BUNDLE_LOADER = "$(TEST_HOST)";
				FRAMEWORK_SEARCH_PATHS = (
					"$(SDKROOT)/Developer/Library/Frameworks",
					"$(inherited)",
				);
				GCC_PREPROCESSOR_DEFINITIONS = (
					"DEBUG=1",
					"$(inherited)",
				);
				INFOPLIST_FILE = AtomicElementsTests/Info.plist;
				LD_RUNPATH_SEARCH_PATHS = "$(inherited) @executable_path/Frameworks @loader_path/Frameworks";
				PRODUCT_NAME = "$(TARGET_NAME)";
				TEST_HOST = "$(BUILT_PRODUCTS_DIR)/AtomicElements.app/AtomicElements";
			};
			name = Debug;
		};
		DBF8D55B19FCAA9D00000A2C /* Release */ = {
			isa = XCBuildConfiguration;
			buildSettings = {
				BUNDLE_LOADER = "$(TEST_HOST)";
				FRAMEWORK_SEARCH_PATHS = (
					"$(SDKROOT)/Developer/Library/Frameworks",
					"$(inherited)",
				);
				INFOPLIST_FILE = AtomicElementsTests/Info.plist;
				LD_RUNPATH_SEARCH_PATHS = "$(inherited) @executable_path/Frameworks @loader_path/Frameworks";
				PRODUCT_NAME = "$(TARGET_NAME)";
				TEST_HOST = "$(BUILT_PRODUCTS_DIR)/AtomicElements.app/AtomicElements";
			};
			name = Release;
		};
/* End XCBuildConfiguration section */

/* Begin XCConfigurationList section */
		DBF8D53219FCAA9D00000A2C /* Build configuration list for PBXProject "AtomicElements" */ = {
			isa = XCConfigurationList;
			buildConfigurations = (
				DBF8D55419FCAA9D00000A2C /* Debug */,
				DBF8D55519FCAA9D00000A2C /* Release */,
			);
			defaultConfigurationIsVisible = 0;
			defaultConfigurationName = Release;
		};
		DBF8D55619FCAA9D00000A2C /* Build configuration list for PBXNativeTarget "AtomicElements" */ = {
			isa = XCConfigurationList;
			buildConfigurations = (
				DBF8D55719FCAA9D00000A2C /* Debug */,
				DBF8D55819FCAA9D00000A2C /* Release */,
			);
			defaultConfigurationIsVisible = 0;
			defaultConfigurationName = Release;
		};
		DBF8D55919FCAA9D00000A2C /* Build configuration list for PBXNativeTarget "AtomicElementsTests" */ = {
			isa = XCConfigurationList;
			buildConfigurations = (
				DBF8D55A19FCAA9D00000A2C /* Debug */,
				DBF8D55B19FCAA9D00000A2C /* Release */,
			);
			defaultConfigurationIsVisible = 0;
			defaultConfigurationName = Release;
		};
/* End XCConfigurationList section */
	};
	rootObject = DBF8D52F19FCAA9D00000A2C /* Project object */;
}
